# THIS IS AN AUTOGENERATED FILE. DO NOT EDIT THIS FILE DIRECTLY.
# yarn lockfile v1


single-spa@^5.5.1:
  version "5.5.1"
  resolved "https://registry.npmjs.org/single-spa/-/single-spa-5.5.1.tgz#2d9bc2155e3698dab1a1ec97e94e33de193db53b"
  integrity sha512-cGIQN5u4GQVVOSSbYdPM+a48HmZmbT64S/aLZ5tBM2keWHfZkKF6+NyfMXvW3ZQ3xs4Ugs5st+ZxgmAO3e/yCw==
